
Microsoft Visual Studio Solution File, Format Version 12.00
# Visual Studio Version 16
VisualStudioVersion = 16.0.31019.35
MinimumVisualStudioVersion = 10.0.40219.1
Project("{FAE04EC0-301F-11D3-BF4B-00C04F79EFBC}") = "Şifrekırıcı", "Şifrekırıcı\Şifrekırıcı.csproj", "{B4AD35FA-B456-490E-83F7-54DC56410667}"
EndProject
Global
	GlobalSection(SolutionConfigurationPlatforms) = preSolution
		Debug|Any CPU = Debug|Any CPU
		Release|Any CPU = Release|Any CPU
	EndGlobalSection
	GlobalSection(ProjectConfigurationPlatforms) = postSolution
		{B4AD35FA-B456-490E-83F7-54DC56410667}.Debug|Any CPU.ActiveCfg = Debug|Any CPU
		{B4AD35FA-B456-490E-83F7-54DC56410667}.Debug|Any CPU.Build.0 = Debug|Any CPU
		{B4AD35FA-B456-490E-83F7-54DC56410667}.Release|Any CPU.ActiveCfg = Release|Any CPU
		{B4AD35FA-B456-490E-83F7-54DC56410667}.Release|Any CPU.Build.0 = Release|Any CPU
	EndGlobalSection
	GlobalSection(SolutionProperties) = preSolution
		HideSolutionNode = FALSE
	EndGlobalSection
	GlobalSection(ExtensibilityGlobals) = postSolution
		SolutionGuid = {14C16CB5-F9DB-49D7-A737-C4BE6B66A8F0}
	EndGlobalSection
EndGlobal
