
Microsoft Visual Studio Solution File, Format Version 12.00
# Visual Studio Version 16
VisualStudioVersion = 16.0.31019.35
MinimumVisualStudioVersion = 10.0.40219.1
Project("{FAE04EC0-301F-11D3-BF4B-00C04F79EFBC}") = "ŞifreOuşturucu", "ŞifreOuşturucu\ŞifreOuşturucu.csproj", "{42124A5A-42B6-45D5-8EDB-DCF4C6729899}"
EndProject
Global
	GlobalSection(SolutionConfigurationPlatforms) = preSolution
		Debug|Any CPU = Debug|Any CPU
		Release|Any CPU = Release|Any CPU
	EndGlobalSection
	GlobalSection(ProjectConfigurationPlatforms) = postSolution
		{42124A5A-42B6-45D5-8EDB-DCF4C6729899}.Debug|Any CPU.ActiveCfg = Debug|Any CPU
		{42124A5A-42B6-45D5-8EDB-DCF4C6729899}.Debug|Any CPU.Build.0 = Debug|Any CPU
		{42124A5A-42B6-45D5-8EDB-DCF4C6729899}.Release|Any CPU.ActiveCfg = Release|Any CPU
		{42124A5A-42B6-45D5-8EDB-DCF4C6729899}.Release|Any CPU.Build.0 = Release|Any CPU
	EndGlobalSection
	GlobalSection(SolutionProperties) = preSolution
		HideSolutionNode = FALSE
	EndGlobalSection
	GlobalSection(ExtensibilityGlobals) = postSolution
		SolutionGuid = {14C16CB5-F9DB-49D7-A737-C4BE6B66A8F0}
	EndGlobalSection
EndGlobal
